
Microsoft Visual Studio Solution File, Format Version 12.00
# Visual Studio Version 17
VisualStudioVersion = 17.9.34728.123
MinimumVisualStudioVersion = 10.0.40219.1
Project("{FAE04EC0-301F-11D3-BF4B-00C04F79EFBC}") = "ConsoleInterfaceApp2", "ConsoleInterfaceApp2\ConsoleInterfaceApp2.csproj", "{F16E76D3-CEB2-41FB-9E4C-102108CA45CA}"
EndProject
Global
	GlobalSection(SolutionConfigurationPlatforms) = preSolution
		Debug|Any CPU = Debug|Any CPU
		Release|Any CPU = Release|Any CPU
	EndGlobalSection
	GlobalSection(ProjectConfigurationPlatforms) = postSolution
		{F16E76D3-CEB2-41FB-9E4C-102108CA45CA}.Debug|Any CPU.ActiveCfg = Debug|Any CPU
		{F16E76D3-CEB2-41FB-9E4C-102108CA45CA}.Debug|Any CPU.Build.0 = Debug|Any CPU
		{F16E76D3-CEB2-41FB-9E4C-102108CA45CA}.Release|Any CPU.ActiveCfg = Release|Any CPU
		{F16E76D3-CEB2-41FB-9E4C-102108CA45CA}.Release|Any CPU.Build.0 = Release|Any CPU
	EndGlobalSection
	GlobalSection(SolutionProperties) = preSolution
		HideSolutionNode = FALSE
	EndGlobalSection
	GlobalSection(ExtensibilityGlobals) = postSolution
		SolutionGuid = {FBE84B3F-B3C5-42F4-A423-95ADF30D67F4}
	EndGlobalSection
EndGlobal
