
Microsoft Visual Studio Solution File, Format Version 12.00
# Visual Studio Version 17
VisualStudioVersion = 17.9.34902.65
MinimumVisualStudioVersion = 10.0.40219.1
Project("{FAE04EC0-301F-11D3-BF4B-00C04F79EFBC}") = "ConsoleComparisionTApp1", "ConsoleComparisionTApp1.csproj", "{9D1FF8EC-FEA2-4D9C-ABE7-6B88AD4EDAE1}"
EndProject
Global
	GlobalSection(SolutionConfigurationPlatforms) = preSolution
		Debug|Any CPU = Debug|Any CPU
		Release|Any CPU = Release|Any CPU
	EndGlobalSection
	GlobalSection(ProjectConfigurationPlatforms) = postSolution
		{9D1FF8EC-FEA2-4D9C-ABE7-6B88AD4EDAE1}.Debug|Any CPU.ActiveCfg = Debug|Any CPU
		{9D1FF8EC-FEA2-4D9C-ABE7-6B88AD4EDAE1}.Debug|Any CPU.Build.0 = Debug|Any CPU
		{9D1FF8EC-FEA2-4D9C-ABE7-6B88AD4EDAE1}.Release|Any CPU.ActiveCfg = Release|Any CPU
		{9D1FF8EC-FEA2-4D9C-ABE7-6B88AD4EDAE1}.Release|Any CPU.Build.0 = Release|Any CPU
	EndGlobalSection
	GlobalSection(SolutionProperties) = preSolution
		HideSolutionNode = FALSE
	EndGlobalSection
	GlobalSection(ExtensibilityGlobals) = postSolution
		SolutionGuid = {DEA1A317-E22A-45E1-BAD9-25006E47D8B5}
	EndGlobalSection
EndGlobal
