
Microsoft Visual Studio Solution File, Format Version 12.00
# Visual Studio Version 17
VisualStudioVersion = 17.8.34330.188
MinimumVisualStudioVersion = 10.0.40219.1
Project("{FAE04EC0-301F-11D3-BF4B-00C04F79EFBC}") = "ClassesEx2", "ClassesEx2\ClassesEx2.csproj", "{8EDCC74A-1503-458E-95A1-D9F1F8DA634E}"
EndProject
Global
	GlobalSection(SolutionConfigurationPlatforms) = preSolution
		Debug|Any CPU = Debug|Any CPU
		Release|Any CPU = Release|Any CPU
	EndGlobalSection
	GlobalSection(ProjectConfigurationPlatforms) = postSolution
		{8EDCC74A-1503-458E-95A1-D9F1F8DA634E}.Debug|Any CPU.ActiveCfg = Debug|Any CPU
		{8EDCC74A-1503-458E-95A1-D9F1F8DA634E}.Debug|Any CPU.Build.0 = Debug|Any CPU
		{8EDCC74A-1503-458E-95A1-D9F1F8DA634E}.Release|Any CPU.ActiveCfg = Release|Any CPU
		{8EDCC74A-1503-458E-95A1-D9F1F8DA634E}.Release|Any CPU.Build.0 = Release|Any CPU
	EndGlobalSection
	GlobalSection(SolutionProperties) = preSolution
		HideSolutionNode = FALSE
	EndGlobalSection
	GlobalSection(ExtensibilityGlobals) = postSolution
		SolutionGuid = {BD6571DF-DC31-4CF4-8F9F-1DBE63E8349A}
	EndGlobalSection
EndGlobal
