
Microsoft Visual Studio Solution File, Format Version 12.00
# Visual Studio Version 17
VisualStudioVersion = 17.9.34728.123
MinimumVisualStudioVersion = 10.0.40219.1
Project("{FAE04EC0-301F-11D3-BF4B-00C04F79EFBC}") = "ConsolePolimorfismoApp1", "ConsolePolimorfismoApp1\ConsolePolimorfismoApp1.csproj", "{09DE288F-A651-4DAE-AB14-039EB099F22A}"
EndProject
Global
	GlobalSection(SolutionConfigurationPlatforms) = preSolution
		Debug|Any CPU = Debug|Any CPU
		Release|Any CPU = Release|Any CPU
	EndGlobalSection
	GlobalSection(ProjectConfigurationPlatforms) = postSolution
		{09DE288F-A651-4DAE-AB14-039EB099F22A}.Debug|Any CPU.ActiveCfg = Debug|Any CPU
		{09DE288F-A651-4DAE-AB14-039EB099F22A}.Debug|Any CPU.Build.0 = Debug|Any CPU
		{09DE288F-A651-4DAE-AB14-039EB099F22A}.Release|Any CPU.ActiveCfg = Release|Any CPU
		{09DE288F-A651-4DAE-AB14-039EB099F22A}.Release|Any CPU.Build.0 = Release|Any CPU
	EndGlobalSection
	GlobalSection(SolutionProperties) = preSolution
		HideSolutionNode = FALSE
	EndGlobalSection
	GlobalSection(ExtensibilityGlobals) = postSolution
		SolutionGuid = {3B8CFF81-3CDA-484D-B3B4-BF1989608A48}
	EndGlobalSection
EndGlobal
