
Microsoft Visual Studio Solution File, Format Version 12.00
# Visual Studio Version 17
VisualStudioVersion = 17.9.34728.123
MinimumVisualStudioVersion = 10.0.40219.1
Project("{FAE04EC0-301F-11D3-BF4B-00C04F79EFBC}") = "MatrizApp1", "MatrizApp1\MatrizApp1.csproj", "{087F4624-533F-4D3B-9F91-AC46157C893A}"
EndProject
Global
	GlobalSection(SolutionConfigurationPlatforms) = preSolution
		Debug|Any CPU = Debug|Any CPU
		Release|Any CPU = Release|Any CPU
	EndGlobalSection
	GlobalSection(ProjectConfigurationPlatforms) = postSolution
		{087F4624-533F-4D3B-9F91-AC46157C893A}.Debug|Any CPU.ActiveCfg = Debug|Any CPU
		{087F4624-533F-4D3B-9F91-AC46157C893A}.Debug|Any CPU.Build.0 = Debug|Any CPU
		{087F4624-533F-4D3B-9F91-AC46157C893A}.Release|Any CPU.ActiveCfg = Release|Any CPU
		{087F4624-533F-4D3B-9F91-AC46157C893A}.Release|Any CPU.Build.0 = Release|Any CPU
	EndGlobalSection
	GlobalSection(SolutionProperties) = preSolution
		HideSolutionNode = FALSE
	EndGlobalSection
	GlobalSection(ExtensibilityGlobals) = postSolution
		SolutionGuid = {3372B1E0-464B-49F5-9819-05C8D3A374EA}
	EndGlobalSection
EndGlobal
