
Microsoft Visual Studio Solution File, Format Version 12.00
# Visual Studio Version 17
VisualStudioVersion = 17.9.34728.123
MinimumVisualStudioVersion = 10.0.40219.1
Project("{FAE04EC0-301F-11D3-BF4B-00C04F79EFBC}") = "ConsoleInterfaceContractApp1", "ConsoleInterfaceContractApp1\ConsoleInterfaceContractApp1.csproj", "{00DCAD50-E5D4-49DA-8697-99D53F420B0A}"
EndProject
Global
	GlobalSection(SolutionConfigurationPlatforms) = preSolution
		Debug|Any CPU = Debug|Any CPU
		Release|Any CPU = Release|Any CPU
	EndGlobalSection
	GlobalSection(ProjectConfigurationPlatforms) = postSolution
		{00DCAD50-E5D4-49DA-8697-99D53F420B0A}.Debug|Any CPU.ActiveCfg = Debug|Any CPU
		{00DCAD50-E5D4-49DA-8697-99D53F420B0A}.Debug|Any CPU.Build.0 = Debug|Any CPU
		{00DCAD50-E5D4-49DA-8697-99D53F420B0A}.Release|Any CPU.ActiveCfg = Release|Any CPU
		{00DCAD50-E5D4-49DA-8697-99D53F420B0A}.Release|Any CPU.Build.0 = Release|Any CPU
	EndGlobalSection
	GlobalSection(SolutionProperties) = preSolution
		HideSolutionNode = FALSE
	EndGlobalSection
	GlobalSection(ExtensibilityGlobals) = postSolution
		SolutionGuid = {73A6E128-5C4D-438E-8453-D2EF0F6336D9}
	EndGlobalSection
EndGlobal
