
Microsoft Visual Studio Solution File, Format Version 12.00
# Visual Studio Version 17
VisualStudioVersion = 17.8.34330.188
MinimumVisualStudioVersion = 10.0.40219.1
Project("{FAE04EC0-301F-11D3-BF4B-00C04F79EFBC}") = "PrimeiroProjeto", "PrimeiroProjeto\PrimeiroProjeto.csproj", "{29D7D6F6-490E-447B-820F-A52719ADAAE5}"
EndProject
Global
	GlobalSection(SolutionConfigurationPlatforms) = preSolution
		Debug|Any CPU = Debug|Any CPU
		Release|Any CPU = Release|Any CPU
	EndGlobalSection
	GlobalSection(ProjectConfigurationPlatforms) = postSolution
		{29D7D6F6-490E-447B-820F-A52719ADAAE5}.Debug|Any CPU.ActiveCfg = Debug|Any CPU
		{29D7D6F6-490E-447B-820F-A52719ADAAE5}.Debug|Any CPU.Build.0 = Debug|Any CPU
		{29D7D6F6-490E-447B-820F-A52719ADAAE5}.Release|Any CPU.ActiveCfg = Release|Any CPU
		{29D7D6F6-490E-447B-820F-A52719ADAAE5}.Release|Any CPU.Build.0 = Release|Any CPU
	EndGlobalSection
	GlobalSection(SolutionProperties) = preSolution
		HideSolutionNode = FALSE
	EndGlobalSection
	GlobalSection(ExtensibilityGlobals) = postSolution
		SolutionGuid = {845E6264-E4C1-49A9-9BA3-98B99AD4C46F}
	EndGlobalSection
EndGlobal
