
Microsoft Visual Studio Solution File, Format Version 12.00
# Visual Studio Version 17
VisualStudioVersion = 17.8.34330.188
MinimumVisualStudioVersion = 10.0.40219.1
Project("{FAE04EC0-301F-11D3-BF4B-00C04F79EFBC}") = "EncapsulamentoApp1", "EncapsulamentoApp1\EncapsulamentoApp1.csproj", "{1F1CFF19-0918-4286-8F11-3A5DDE633934}"
EndProject
Global
	GlobalSection(SolutionConfigurationPlatforms) = preSolution
		Debug|Any CPU = Debug|Any CPU
		Release|Any CPU = Release|Any CPU
	EndGlobalSection
	GlobalSection(ProjectConfigurationPlatforms) = postSolution
		{1F1CFF19-0918-4286-8F11-3A5DDE633934}.Debug|Any CPU.ActiveCfg = Debug|Any CPU
		{1F1CFF19-0918-4286-8F11-3A5DDE633934}.Debug|Any CPU.Build.0 = Debug|Any CPU
		{1F1CFF19-0918-4286-8F11-3A5DDE633934}.Release|Any CPU.ActiveCfg = Release|Any CPU
		{1F1CFF19-0918-4286-8F11-3A5DDE633934}.Release|Any CPU.Build.0 = Release|Any CPU
	EndGlobalSection
	GlobalSection(SolutionProperties) = preSolution
		HideSolutionNode = FALSE
	EndGlobalSection
	GlobalSection(ExtensibilityGlobals) = postSolution
		SolutionGuid = {D2C95552-95BF-42C0-A80A-561B371484AC}
	EndGlobalSection
EndGlobal
